// !$*UTF8*$!
{
	archiveVersion = 1;
	classes = {
	};
	objectVersion = 46;
	objects = {

/* Begin PBXBuildFile section */
		551107D61A01518E009BED53 /* HKAxis.m in Sources */ = {isa = PBXBuildFile; fileRef = 551107CD1A01518E009BED53 /* HKAxis.m */; };
		551107D71A01518E009BED53 /* HKGraphView.m in Sources */ = {isa = PBXBuildFile; fileRef = 551107D01A01518E009BED53 /* HKGraphView.m */; };
		551107D81A01518E009BED53 /* HKMultiGraphView.m in Sources */ = {isa = PBXBuildFile; fileRef = 551107D21A01518E009BED53 /* HKMultiGraphView.m */; };
		551107D91A01518E009BED53 /* HKXYGraph.m in Sources */ = {isa = PBXBuildFile; fileRef = 551107D51A01518E009BED53 /* HKXYGraph.m */; };
		780DCA4E18E552A20026BEB7 /* Foundation.framework in Frameworks */ = {isa = PBXBuildFile; fileRef = 780DCA4D18E552A20026BEB7 /* Foundation.framework */; };
		780DCA5018E552A20026BEB7 /* CoreGraphics.framework in Frameworks */ = {isa = PBXBuildFile; fileRef = 780DCA4F18E552A20026BEB7 /* CoreGraphics.framework */; };
		780DCA5218E552A20026BEB7 /* UIKit.framework in Frameworks */ = {isa = PBXBuildFile; fileRef = 780DCA5118E552A20026BEB7 /* UIKit.framework */; };
		780DCA5818E552A20026BEB7 /* InfoPlist.strings in Resources */ = {isa = PBXBuildFile; fileRef = 780DCA5618E552A20026BEB7 /* InfoPlist.strings */; };
		780DCA5A18E552A20026BEB7 /* main.m in Sources */ = {isa = PBXBuildFile; fileRef = 780DCA5918E552A20026BEB7 /* main.m */; };
		780DCA5E18E552A20026BEB7 /* AppDelegate.m in Sources */ = {isa = PBXBuildFile; fileRef = 780DCA5D18E552A20026BEB7 /* AppDelegate.m */; };
		780DCA6018E552A20026BEB7 /* Images.xcassets in Resources */ = {isa = PBXBuildFile; fileRef = 780DCA5F18E552A20026BEB7 /* Images.xcassets */; };
		780DCA8718E553B10026BEB7 /* ViewController.m in Sources */ = {isa = PBXBuildFile; fileRef = 780DCA8518E553B10026BEB7 /* ViewController.m */; };
		780DCA8818E553B10026BEB7 /* ViewController.xib in Resources */ = {isa = PBXBuildFile; fileRef = 780DCA8618E553B10026BEB7 /* ViewController.xib */; };
		780DCA8F18E561FA0026BEB7 /* QuartzCore.framework in Frameworks */ = {isa = PBXBuildFile; fileRef = 780DCA8E18E561FA0026BEB7 /* QuartzCore.framework */; };
		780DCA9118E561FF0026BEB7 /* OpenGLES.framework in Frameworks */ = {isa = PBXBuildFile; fileRef = 780DCA9018E561FF0026BEB7 /* OpenGLES.framework */; };
/* End PBXBuildFile section */

/* Begin PBXFileReference section */
		551107CC1A01518E009BED53 /* HKAxis.h */ = {isa = PBXFileReference; fileEncoding = 4; lastKnownFileType = sourcecode.c.h; path = HKAxis.h; sourceTree = "<group>"; };
		551107CD1A01518E009BED53 /* HKAxis.m */ = {isa = PBXFileReference; fileEncoding = 4; lastKnownFileType = sourcecode.c.objc; path = HKAxis.m; sourceTree = "<group>"; };
		551107CE1A01518E009BED53 /* HKDefine.h */ = {isa = PBXFileReference; fileEncoding = 4; lastKnownFileType = sourcecode.c.h; path = HKDefine.h; sourceTree = "<group>"; };
		551107CF1A01518E009BED53 /* HKGraphView.h */ = {isa = PBXFileReference; fileEncoding = 4; lastKnownFileType = sourcecode.c.h; path = HKGraphView.h; sourceTree = "<group>"; };
		551107D01A01518E009BED53 /* HKGraphView.m */ = {isa = PBXFileReference; fileEncoding = 4; lastKnownFileType = sourcecode.c.objc; path = HKGraphView.m; sourceTree = "<group>"; };
		551107D11A01518E009BED53 /* HKMultiGraphView.h */ = {isa = PBXFileReference; fileEncoding = 4; lastKnownFileType = sourcecode.c.h; path = HKMultiGraphView.h; sourceTree = "<group>"; };
		551107D21A01518E009BED53 /* HKMultiGraphView.m */ = {isa = PBXFileReference; fileEncoding = 4; lastKnownFileType = sourcecode.c.objc; path = HKMultiGraphView.m; sourceTree = "<group>"; };
		551107D31A01518E009BED53 /* HKPlot.h */ = {isa = PBXFileReference; fileEncoding = 4; lastKnownFileType = sourcecode.c.h; path = HKPlot.h; sourceTree = "<group>"; };
		551107D41A01518E009BED53 /* HKXYGraph.h */ = {isa = PBXFileReference; fileEncoding = 4; lastKnownFileType = sourcecode.c.h; path = HKXYGraph.h; sourceTree = "<group>"; };
		551107D51A01518E009BED53 /* HKXYGraph.m */ = {isa = PBXFileReference; fileEncoding = 4; lastKnownFileType = sourcecode.c.objc; path = HKXYGraph.m; sourceTree = "<group>"; };
		780DCA4A18E552A20026BEB7 /* HKPlot.app */ = {isa = PBXFileReference; explicitFileType = wrapper.application; includeInIndex = 0; path = HKPlot.app; sourceTree = BUILT_PRODUCTS_DIR; };
		780DCA4D18E552A20026BEB7 /* Foundation.framework */ = {isa = PBXFileReference; lastKnownFileType = wrapper.framework; name = Foundation.framework; path = System/Library/Frameworks/Foundation.framework; sourceTree = SDKROOT; };
		780DCA4F18E552A20026BEB7 /* CoreGraphics.framework */ = {isa = PBXFileReference; lastKnownFileType = wrapper.framework; name = CoreGraphics.framework; path = System/Library/Frameworks/CoreGraphics.framework; sourceTree = SDKROOT; };
		780DCA5118E552A20026BEB7 /* UIKit.framework */ = {isa = PBXFileReference; lastKnownFileType = wrapper.framework; name = UIKit.framework; path = System/Library/Frameworks/UIKit.framework; sourceTree = SDKROOT; };
		780DCA5518E552A20026BEB7 /* HKPlot-Info.plist */ = {isa = PBXFileReference; lastKnownFileType = text.plist.xml; path = "HKPlot-Info.plist"; sourceTree = "<group>"; };
		780DCA5718E552A20026BEB7 /* en */ = {isa = PBXFileReference; lastKnownFileType = text.plist.strings; name = en; path = en.lproj/InfoPlist.strings; sourceTree = "<group>"; };
		780DCA5918E552A20026BEB7 /* main.m */ = {isa = PBXFileReference; lastKnownFileType = sourcecode.c.objc; path = main.m; sourceTree = "<group>"; };
		780DCA5B18E552A20026BEB7 /* HKPlot-Prefix.pch */ = {isa = PBXFileReference; lastKnownFileType = sourcecode.c.h; path = "HKPlot-Prefix.pch"; sourceTree = "<group>"; };
		780DCA5C18E552A20026BEB7 /* AppDelegate.h */ = {isa = PBXFileReference; lastKnownFileType = sourcecode.c.h; path = AppDelegate.h; sourceTree = "<group>"; };
		780DCA5D18E552A20026BEB7 /* AppDelegate.m */ = {isa = PBXFileReference; lastKnownFileType = sourcecode.c.objc; path = AppDelegate.m; sourceTree = "<group>"; };
		780DCA5F18E552A20026BEB7 /* Images.xcassets */ = {isa = PBXFileReference; lastKnownFileType = folder.assetcatalog; path = Images.xcassets; sourceTree = "<group>"; };
		780DCA6618E552A20026BEB7 /* XCTest.framework */ = {isa = PBXFileReference; lastKnownFileType = wrapper.framework; name = XCTest.framework; path = Library/Frameworks/XCTest.framework; sourceTree = DEVELOPER_DIR; };
		780DCA8418E553B10026BEB7 /* ViewController.h */ = {isa = PBXFileReference; fileEncoding = 4; lastKnownFileType = sourcecode.c.h; path = ViewController.h; sourceTree = "<group>"; };
		780DCA8518E553B10026BEB7 /* ViewController.m */ = {isa = PBXFileReference; fileEncoding = 4; lastKnownFileType = sourcecode.c.objc; path = ViewController.m; sourceTree = "<group>"; };
		780DCA8618E553B10026BEB7 /* ViewController.xib */ = {isa = PBXFileReference; fileEncoding = 4; lastKnownFileType = file.xib; path = ViewController.xib; sourceTree = "<group>"; };
		780DCA8E18E561FA0026BEB7 /* QuartzCore.framework */ = {isa = PBXFileReference; lastKnownFileType = wrapper.framework; name = QuartzCore.framework; path = System/Library/Frameworks/QuartzCore.framework; sourceTree = SDKROOT; };
		780DCA9018E561FF0026BEB7 /* OpenGLES.framework */ = {isa = PBXFileReference; lastKnownFileType = wrapper.framework; name = OpenGLES.framework; path = System/Library/Frameworks/OpenGLES.framework; sourceTree = SDKROOT; };
/* End PBXFileReference section */

/* Begin PBXFrameworksBuildPhase section */
		780DCA4718E552A20026BEB7 /* Frameworks */ = {
			isa = PBXFrameworksBuildPhase;
			buildActionMask = 2147483647;
			files = (
				780DCA9118E561FF0026BEB7 /* OpenGLES.framework in Frameworks */,
				780DCA8F18E561FA0026BEB7 /* QuartzCore.framework in Frameworks */,
				780DCA5018E552A20026BEB7 /* CoreGraphics.framework in Frameworks */,
				780DCA5218E552A20026BEB7 /* UIKit.framework in Frameworks */,
				780DCA4E18E552A20026BEB7 /* Foundation.framework in Frameworks */,
			);
			runOnlyForDeploymentPostprocessing = 0;
		};
/* End PBXFrameworksBuildPhase section */

/* Begin PBXGroup section */
		780DCA4118E552A10026BEB7 = {
			isa = PBXGroup;
			children = (
				780DCA5318E552A20026BEB7 /* HKPlot */,
				780DCA4C18E552A20026BEB7 /* Frameworks */,
				780DCA4B18E552A20026BEB7 /* Products */,
			);
			sourceTree = "<group>";
		};
		780DCA4B18E552A20026BEB7 /* Products */ = {
			isa = PBXGroup;
			children = (
				780DCA4A18E552A20026BEB7 /* HKPlot.app */,
			);
			name = Products;
			sourceTree = "<group>";
		};
		780DCA4C18E552A20026BEB7 /* Frameworks */ = {
			isa = PBXGroup;
			children = (
				780DCA9018E561FF0026BEB7 /* OpenGLES.framework */,
				780DCA8E18E561FA0026BEB7 /* QuartzCore.framework */,
				780DCA4D18E552A20026BEB7 /* Foundation.framework */,
				780DCA4F18E552A20026BEB7 /* CoreGraphics.framework */,
				780DCA5118E552A20026BEB7 /* UIKit.framework */,
				780DCA6618E552A20026BEB7 /* XCTest.framework */,
			);
			name = Frameworks;
			sourceTree = "<group>";
		};
		780DCA5318E552A20026BEB7 /* HKPlot */ = {
			isa = PBXGroup;
			children = (
				780DCA7C18E552F00026BEB7 /* Classes */,
				780DCA5C18E552A20026BEB7 /* AppDelegate.h */,
				780DCA5D18E552A20026BEB7 /* AppDelegate.m */,
				780DCA5F18E552A20026BEB7 /* Images.xcassets */,
				780DCA5418E552A20026BEB7 /* Supporting Files */,
			);
			path = HKPlot;
			sourceTree = "<group>";
		};
		780DCA5418E552A20026BEB7 /* Supporting Files */ = {
			isa = PBXGroup;
			children = (
				780DCA5518E552A20026BEB7 /* HKPlot-Info.plist */,
				780DCA5618E552A20026BEB7 /* InfoPlist.strings */,
				780DCA5918E552A20026BEB7 /* main.m */,
				780DCA5B18E552A20026BEB7 /* HKPlot-Prefix.pch */,
			);
			name = "Supporting Files";
			sourceTree = "<group>";
		};
		780DCA7C18E552F00026BEB7 /* Classes */ = {
			isa = PBXGroup;
			children = (
				780DCA8018E553960026BEB7 /* Sources */,
				780DCA8418E553B10026BEB7 /* ViewController.h */,
				780DCA8518E553B10026BEB7 /* ViewController.m */,
				780DCA8618E553B10026BEB7 /* ViewController.xib */,
			);
			name = Classes;
			sourceTree = "<group>";
		};
		780DCA8018E553960026BEB7 /* Sources */ = {
			isa = PBXGroup;
			children = (
				551107CC1A01518E009BED53 /* HKAxis.h */,
				551107CD1A01518E009BED53 /* HKAxis.m */,
				551107CE1A01518E009BED53 /* HKDefine.h */,
				551107CF1A01518E009BED53 /* HKGraphView.h */,
				551107D01A01518E009BED53 /* HKGraphView.m */,
				551107D11A01518E009BED53 /* HKMultiGraphView.h */,
				551107D21A01518E009BED53 /* HKMultiGraphView.m */,
				551107D31A01518E009BED53 /* HKPlot.h */,
				551107D41A01518E009BED53 /* HKXYGraph.h */,
				551107D51A01518E009BED53 /* HKXYGraph.m */,
			);
			path = Sources;
			sourceTree = "<group>";
		};
/* End PBXGroup section */

/* Begin PBXNativeTarget section */
		780DCA4918E552A20026BEB7 /* HKPlot */ = {
			isa = PBXNativeTarget;
			buildConfigurationList = 780DCA7618E552A20026BEB7 /* Build configuration list for PBXNativeTarget "HKPlot" */;
			buildPhases = (
				780DCA4618E552A20026BEB7 /* Sources */,
				780DCA4718E552A20026BEB7 /* Frameworks */,
				780DCA4818E552A20026BEB7 /* Resources */,
			);
			buildRules = (
			);
			dependencies = (
			);
			name = HKPlot;
			productName = HKPlot;
			productReference = 780DCA4A18E552A20026BEB7 /* HKPlot.app */;
			productType = "com.apple.product-type.application";
		};
/* End PBXNativeTarget section */

/* Begin PBXProject section */
		780DCA4218E552A10026BEB7 /* Project object */ = {
			isa = PBXProject;
			attributes = {
				LastUpgradeCheck = 0510;
				ORGANIZATIONNAME = Home;
			};
			buildConfigurationList = 780DCA4518E552A10026BEB7 /* Build configuration list for PBXProject "HKPlot" */;
			compatibilityVersion = "Xcode 3.2";
			developmentRegion = English;
			hasScannedForEncodings = 0;
			knownRegions = (
				en,
			);
			mainGroup = 780DCA4118E552A10026BEB7;
			productRefGroup = 780DCA4B18E552A20026BEB7 /* Products */;
			projectDirPath = "";
			projectRoot = "";
			targets = (
				780DCA4918E552A20026BEB7 /* HKPlot */,
			);
		};
/* End PBXProject section */

/* Begin PBXResourcesBuildPhase section */
		780DCA4818E552A20026BEB7 /* Resources */ = {
			isa = PBXResourcesBuildPhase;
			buildActionMask = 2147483647;
			files = (
				780DCA5818E552A20026BEB7 /* InfoPlist.strings in Resources */,
				780DCA8818E553B10026BEB7 /* ViewController.xib in Resources */,
				780DCA6018E552A20026BEB7 /* Images.xcassets in Resources */,
			);
			runOnlyForDeploymentPostprocessing = 0;
		};
/* End PBXResourcesBuildPhase section */

/* Begin PBXSourcesBuildPhase section */
		780DCA4618E552A20026BEB7 /* Sources */ = {
			isa = PBXSourcesBuildPhase;
			buildActionMask = 2147483647;
			files = (
				780DCA5E18E552A20026BEB7 /* AppDelegate.m in Sources */,
				780DCA8718E553B10026BEB7 /* ViewController.m in Sources */,
				551107D91A01518E009BED53 /* HKXYGraph.m in Sources */,
				551107D81A01518E009BED53 /* HKMultiGraphView.m in Sources */,
				780DCA5A18E552A20026BEB7 /* main.m in Sources */,
				551107D61A01518E009BED53 /* HKAxis.m in Sources */,
				551107D71A01518E009BED53 /* HKGraphView.m in Sources */,
			);
			runOnlyForDeploymentPostprocessing = 0;
		};
/* End PBXSourcesBuildPhase section */

/* Begin PBXVariantGroup section */
		780DCA5618E552A20026BEB7 /* InfoPlist.strings */ = {
			isa = PBXVariantGroup;
			children = (
				780DCA5718E552A20026BEB7 /* en */,
			);
			name = InfoPlist.strings;
			sourceTree = "<group>";
		};
/* End PBXVariantGroup section */

/* Begin XCBuildConfiguration section */
		780DCA7418E552A20026BEB7 /* Debug */ = {
			isa = XCBuildConfiguration;
			buildSettings = {
				ALWAYS_SEARCH_USER_PATHS = NO;
				CLANG_CXX_LANGUAGE_STANDARD = "gnu++0x";
				CLANG_CXX_LIBRARY = "libstdc++";
				CLANG_ENABLE_MODULES = YES;
				CLANG_ENABLE_OBJC_ARC = YES;
				CLANG_WARN_BOOL_CONVERSION = YES;
				CLANG_WARN_CONSTANT_CONVERSION = YES;
				CLANG_WARN_DIRECT_OBJC_ISA_USAGE = YES_ERROR;
				CLANG_WARN_EMPTY_BODY = YES;
				CLANG_WARN_ENUM_CONVERSION = YES;
				CLANG_WARN_INT_CONVERSION = YES;
				CLANG_WARN_OBJC_ROOT_CLASS = YES_ERROR;
				CLANG_WARN__DUPLICATE_METHOD_MATCH = YES;
				"CODE_SIGN_IDENTITY[sdk=iphoneos*]" = "iPhone Developer";
				COPY_PHASE_STRIP = NO;
				GCC_C_LANGUAGE_STANDARD = gnu99;
				GCC_DYNAMIC_NO_PIC = NO;
				GCC_INPUT_FILETYPE = sourcecode.cpp.objcpp;
				GCC_OPTIMIZATION_LEVEL = 0;
				GCC_PREPROCESSOR_DEFINITIONS = (
					"DEBUG=1",
					"$(inherited)",
				);
				GCC_SYMBOLS_PRIVATE_EXTERN = NO;
				GCC_WARN_64_TO_32_BIT_CONVERSION = YES;
				GCC_WARN_ABOUT_RETURN_TYPE = YES_ERROR;
				GCC_WARN_UNDECLARED_SELECTOR = YES;
				GCC_WARN_UNINITIALIZED_AUTOS = YES_AGGRESSIVE;
				GCC_WARN_UNUSED_FUNCTION = YES;
				GCC_WARN_UNUSED_VARIABLE = YES;
				IPHONEOS_DEPLOYMENT_TARGET = 6.0;
				ONLY_ACTIVE_ARCH = YES;
				SDKROOT = iphoneos;
			};
			name = Debug;
		};
		780DCA7518E552A20026BEB7 /* Release */ = {
			isa = XCBuildConfiguration;
			buildSettings = {
				ALWAYS_SEARCH_USER_PATHS = NO;
				CLANG_CXX_LANGUAGE_STANDARD = "gnu++0x";
				CLANG_CXX_LIBRARY = "libstdc++";
				CLANG_ENABLE_MODULES = YES;
				CLANG_ENABLE_OBJC_ARC = YES;
				CLANG_WARN_BOOL_CONVERSION = YES;
				CLANG_WARN_CONSTANT_CONVERSION = YES;
				CLANG_WARN_DIRECT_OBJC_ISA_USAGE = YES_ERROR;
				CLANG_WARN_EMPTY_BODY = YES;
				CLANG_WARN_ENUM_CONVERSION = YES;
				CLANG_WARN_INT_CONVERSION = YES;
				CLANG_WARN_OBJC_ROOT_CLASS = YES_ERROR;
				CLANG_WARN__DUPLICATE_METHOD_MATCH = YES;
				"CODE_SIGN_IDENTITY[sdk=iphoneos*]" = "iPhone Developer";
				COPY_PHASE_STRIP = YES;
				ENABLE_NS_ASSERTIONS = NO;
				GCC_C_LANGUAGE_STANDARD = gnu99;
				GCC_INPUT_FILETYPE = sourcecode.cpp.objcpp;
				GCC_WARN_64_TO_32_BIT_CONVERSION = YES;
				GCC_WARN_ABOUT_RETURN_TYPE = YES_ERROR;
				GCC_WARN_UNDECLARED_SELECTOR = YES;
				GCC_WARN_UNINITIALIZED_AUTOS = YES_AGGRESSIVE;
				GCC_WARN_UNUSED_FUNCTION = YES;
				GCC_WARN_UNUSED_VARIABLE = YES;
				IPHONEOS_DEPLOYMENT_TARGET = 6.0;
				SDKROOT = iphoneos;
				VALIDATE_PRODUCT = YES;
			};
			name = Release;
		};
		780DCA7718E552A20026BEB7 /* Debug */ = {
			isa = XCBuildConfiguration;
			buildSettings = {
				ASSETCATALOG_COMPILER_APPICON_NAME = AppIcon;
				ASSETCATALOG_COMPILER_LAUNCHIMAGE_NAME = LaunchImage;
				GCC_PRECOMPILE_PREFIX_HEADER = YES;
				GCC_PREFIX_HEADER = "HKPlot/HKPlot-Prefix.pch";
				INFOPLIST_FILE = "HKPlot/HKPlot-Info.plist";
				PRODUCT_NAME = "$(TARGET_NAME)";
				WRAPPER_EXTENSION = app;
			};
			name = Debug;
		};
		780DCA7818E552A20026BEB7 /* Release */ = {
			isa = XCBuildConfiguration;
			buildSettings = {
				ASSETCATALOG_COMPILER_APPICON_NAME = AppIcon;
				ASSETCATALOG_COMPILER_LAUNCHIMAGE_NAME = LaunchImage;
				GCC_PRECOMPILE_PREFIX_HEADER = YES;
				GCC_PREFIX_HEADER = "HKPlot/HKPlot-Prefix.pch";
				INFOPLIST_FILE = "HKPlot/HKPlot-Info.plist";
				PRODUCT_NAME = "$(TARGET_NAME)";
				WRAPPER_EXTENSION = app;
			};
			name = Release;
		};
/* End XCBuildConfiguration section */

/* Begin XCConfigurationList section */
		780DCA4518E552A10026BEB7 /* Build configuration list for PBXProject "HKPlot" */ = {
			isa = XCConfigurationList;
			buildConfigurations = (
				780DCA7418E552A20026BEB7 /* Debug */,
				780DCA7518E552A20026BEB7 /* Release */,
			);
			defaultConfigurationIsVisible = 0;
			defaultConfigurationName = Release;
		};
		780DCA7618E552A20026BEB7 /* Build configuration list for PBXNativeTarget "HKPlot" */ = {
			isa = XCConfigurationList;
			buildConfigurations = (
				780DCA7718E552A20026BEB7 /* Debug */,
				780DCA7818E552A20026BEB7 /* Release */,
			);
			defaultConfigurationIsVisible = 0;
			defaultConfigurationName = Release;
		};
/* End XCConfigurationList section */
	};
	rootObject = 780DCA4218E552A10026BEB7 /* Project object */;
}
